{
  "requires": true,
  "lockfileVersion": 1,
  "dependencies": {
    "asap": {
      "version": "2.0.6",
      "resolved": "https://registry.npmjs.org/asap/-/asap-2.0.6.tgz",
      "integrity": "sha1-5QNHYR1+aQlDIIu9r+vLwvuGbUY="
    },
    "async": {
      "version": "3.1.0",
      "resolved": "https://registry.npmjs.org/async/-/async-3.1.0.tgz",
      "integrity": "sha512-4vx/aaY6j/j3Lw3fbCHNWP0pPaTCew3F6F3hYyl/tHs/ndmV1q7NW9T5yuJ2XAGwdQrP+6Wu20x06U4APo/iQQ=="
    },
    "async-waterfall": {
      "version": "0.1.5",
      "resolved": "https://registry.npmjs.org/async-waterfall/-/async-waterfall-0.1.5.tgz",
      "integrity": "sha1-OYvUiw6sXUD/vkAP6eN6U7qWba4="
    },
    "callback-count": {
      "version": "0.2.0",
      "resolved": "https://registry.npmjs.org/callback-count/-/callback-count-0.2.0.tgz",
      "integrity": "sha1-dlJoc1TUJ18wvrZdAT5npkwgCkc=",
      "requires": {
        "exists": "^1.0.0"
      }
    },
    "exists": {
      "version": "1.0.1",
      "resolved": "https://registry.npmjs.org/exists/-/exists-1.0.1.tgz",
      "integrity": "sha1-/8vuKRQvJAVt8Bkk5zJicz2xC0k="
    },
    "promise": {
      "version": "8.0.3",
      "resolved": "https://registry.npmjs.org/promise/-/promise-8.0.3.tgz",
      "integrity": "sha512-HeRDUL1RJiLhyA0/grn+PTShlBAcLuh/1BJGtrvjwbvRDCTLLMEz9rOGCV+R3vHY4MixIuoMEd9Yq/XvsTPcjw==",
      "requires": {
        "asap": "~2.0.6"
      }
    }
  }
}
